
Microsoft Visual Studio Solution File, Format Version 12.00
# Visual Studio Version 16
VisualStudioVersion = 16.0.30621.155
MinimumVisualStudioVersion = 10.0.40219.1
Project("{FAE04EC0-301F-11D3-BF4B-00C04F79EFBC}") = "RadialBounce", "RadialBounce\RadialBounce.csproj", "{5B14ACC9-9B4F-4AD4-9B2F-369A1BCDDF89}"
EndProject
Global
	GlobalSection(SolutionConfigurationPlatforms) = preSolution
		Debug|Any CPU = Debug|Any CPU
		Release|Any CPU = Release|Any CPU
	EndGlobalSection
	GlobalSection(ProjectConfigurationPlatforms) = postSolution
		{5B14ACC9-9B4F-4AD4-9B2F-369A1BCDDF89}.Debug|Any CPU.ActiveCfg = Debug|Any CPU
		{5B14ACC9-9B4F-4AD4-9B2F-369A1BCDDF89}.Debug|Any CPU.Build.0 = Debug|Any CPU
		{5B14ACC9-9B4F-4AD4-9B2F-369A1BCDDF89}.Release|Any CPU.ActiveCfg = Release|Any CPU
		{5B14ACC9-9B4F-4AD4-9B2F-369A1BCDDF89}.Release|Any CPU.Build.0 = Release|Any CPU
	EndGlobalSection
	GlobalSection(SolutionProperties) = preSolution
		HideSolutionNode = FALSE
	EndGlobalSection
	GlobalSection(ExtensibilityGlobals) = postSolution
		SolutionGuid = {AD440808-DB14-4F4C-8657-E17B0B25B2FA}
	EndGlobalSection
EndGlobal
